// !$*UTF8*$!
{
 archiveVersion = 1;
 classes = {};
 objectVersion = 56;
 objects = {
  E00000000000000000000000 = {isa = PBXFileReference; lastKnownFileType = sourcecode.swift; path = Sources/UI/AppearanceSection.swift; sourceTree = "<group>";};
  F00000000000000000000000 = {isa = PBXBuildFile; fileRef = E00000000000000000000000;};
  E00000000000000000000001 = {isa = PBXFileReference; lastKnownFileType = sourcecode.swift; path = Sources/UI/ConnectionLayers.swift; sourceTree = "<group>";};
  F00000000000000000000001 = {isa = PBXBuildFile; fileRef = E00000000000000000000001;};
  E00000000000000000000002 = {isa = PBXFileReference; lastKnownFileType = sourcecode.swift; path = Sources/UI/ConnectionPanel.swift; sourceTree = "<group>";};
  F00000000000000000000002 = {isa = PBXBuildFile; fileRef = E00000000000000000000002;};
  E00000000000000000000003 = {isa = PBXFileReference; lastKnownFileType = sourcecode.swift; path = Sources/UI/CredentialsScene.swift; sourceTree = "<group>";};
  F00000000000000000000003 = {isa = PBXBuildFile; fileRef = E00000000000000000000003;};
  E00000000000000000000004 = {isa = PBXFileReference; lastKnownFileType = sourcecode.swift; path = Sources/UI/DrawingCache.swift; sourceTree = "<group>";};
  F00000000000000000000004 = {isa = PBXBuildFile; fileRef = E00000000000000000000004;};
  E00000000000000000000005 = {isa = PBXFileReference; lastKnownFileType = sourcecode.swift; path = Sources/UI/Icons.swift; sourceTree = "<group>";};
  F00000000000000000000005 = {isa = PBXBuildFile; fileRef = E00000000000000000000005;};
  E00000000000000000000006 = {isa = PBXFileReference; lastKnownFileType = sourcecode.swift; path = Sources/UI/MenuBarController.swift; sourceTree = "<group>";};
  F00000000000000000000006 = {isa = PBXBuildFile; fileRef = E00000000000000000000006;};
  E00000000000000000000007 = {isa = PBXFileReference; lastKnownFileType = sourcecode.swift; path = Sources/UI/NativeTextInput.swift; sourceTree = "<group>";};
  F00000000000000000000007 = {isa = PBXBuildFile; fileRef = E00000000000000000000007;};
  E00000000000000000000008 = {isa = PBXFileReference; lastKnownFileType = sourcecode.swift; path = Sources/UI/ProfileDialog.swift; sourceTree = "<group>";};
  F00000000000000000000008 = {isa = PBXBuildFile; fileRef = E00000000000000000000008;};
  E00000000000000000000009 = {isa = PBXFileReference; lastKnownFileType = sourcecode.swift; path = Sources/UI/RenderingPolicy.swift; sourceTree = "<group>";};
  F00000000000000000000009 = {isa = PBXBuildFile; fileRef = E00000000000000000000009;};
  E0000000000000000000000A = {isa = PBXFileReference; lastKnownFileType = sourcecode.swift; path = Sources/UI/ThemePalette.swift; sourceTree = "<group>";};
  F0000000000000000000000A = {isa = PBXBuildFile; fileRef = E0000000000000000000000A;};
  E0000000000000000000000B = {isa = PBXFileReference; lastKnownFileType = sourcecode.swift; path = Sources/UI/ToastView.swift; sourceTree = "<group>";};
  F0000000000000000000000B = {isa = PBXBuildFile; fileRef = E0000000000000000000000B;};
  E0000000000000000000000C = {isa = PBXFileReference; lastKnownFileType = sourcecode.swift; path = Sources/UI/VectorPath.swift; sourceTree = "<group>";};
  F0000000000000000000000C = {isa = PBXBuildFile; fileRef = E0000000000000000000000C;};
  E0000000000000000000000D = {isa = PBXFileReference; lastKnownFileType = sourcecode.swift; path = Sources/UI/WorkspaceChrome.swift; sourceTree = "<group>";};
  F0000000000000000000000D = {isa = PBXBuildFile; fileRef = E0000000000000000000000D;};
  E0000000000000000000000E = {isa = PBXFileReference; lastKnownFileType = sourcecode.swift; path = Sources/UI/WorkspaceScene.swift; sourceTree = "<group>";};
  F0000000000000000000000E = {isa = PBXBuildFile; fileRef = E0000000000000000000000E;};
  E0000000000000000000000F = {isa = PBXFileReference; lastKnownFileType = sourcecode.swift; path = Sources/UI/WorkspaceView.swift; sourceTree = "<group>";};
  F0000000000000000000000F = {isa = PBXBuildFile; fileRef = E0000000000000000000000F;};
  E00000000000000000000010 = {isa = PBXFileReference; lastKnownFileType = sourcecode.swift; path = Sources/Core/AnimationTiming.swift; sourceTree = "<group>";};
  F00000000000000000000010 = {isa = PBXBuildFile; fileRef = E00000000000000000000010;};
  E00000000000000000000011 = {isa = PBXFileReference; lastKnownFileType = sourcecode.swift; path = Sources/Core/BackendWorker.swift; sourceTree = "<group>";};
  F00000000000000000000011 = {isa = PBXBuildFile; fileRef = E00000000000000000000011;};
  E00000000000000000000012 = {isa = PBXFileReference; lastKnownFileType = sourcecode.swift; path = Sources/Core/BridgeProtocol.swift; sourceTree = "<group>";};
  F00000000000000000000012 = {isa = PBXBuildFile; fileRef = E00000000000000000000012;};
  E00000000000000000000013 = {isa = PBXFileReference; lastKnownFileType = sourcecode.swift; path = Sources/Core/HelperUpdater.swift; sourceTree = "<group>";};
  F00000000000000000000013 = {isa = PBXBuildFile; fileRef = E00000000000000000000013;};
  E00000000000000000000014 = {isa = PBXFileReference; lastKnownFileType = sourcecode.swift; path = Sources/Core/MenuPresentation.swift; sourceTree = "<group>";};
  F00000000000000000000014 = {isa = PBXBuildFile; fileRef = E00000000000000000000014;};
  E00000000000000000000015 = {isa = PBXFileReference; lastKnownFileType = sourcecode.swift; path = Sources/Core/Models.swift; sourceTree = "<group>";};
  F00000000000000000000015 = {isa = PBXBuildFile; fileRef = E00000000000000000000015;};
  E00000000000000000000016 = {isa = PBXFileReference; lastKnownFileType = sourcecode.swift; path = Sources/Core/Policy.swift; sourceTree = "<group>";};
  F00000000000000000000016 = {isa = PBXBuildFile; fileRef = E00000000000000000000016;};
  E00000000000000000000017 = {isa = PBXFileReference; lastKnownFileType = sourcecode.swift; path = Sources/Core/ProfileEditor.swift; sourceTree = "<group>";};
  F00000000000000000000017 = {isa = PBXBuildFile; fileRef = E00000000000000000000017;};
  E00000000000000000000018 = {isa = PBXFileReference; lastKnownFileType = sourcecode.swift; path = Sources/Core/ProfileParser.swift; sourceTree = "<group>";};
  F00000000000000000000018 = {isa = PBXBuildFile; fileRef = E00000000000000000000018;};
  E00000000000000000000019 = {isa = PBXFileReference; lastKnownFileType = sourcecode.swift; path = Sources/Core/ProfileStore.swift; sourceTree = "<group>";};
  F00000000000000000000019 = {isa = PBXBuildFile; fileRef = E00000000000000000000019;};
  E0000000000000000000001A = {isa = PBXFileReference; lastKnownFileType = sourcecode.swift; path = Sources/Core/ThemePreference.swift; sourceTree = "<group>";};
  F0000000000000000000001A = {isa = PBXBuildFile; fileRef = E0000000000000000000001A;};
  E0000000000000000000001B = {isa = PBXFileReference; lastKnownFileType = sourcecode.swift; path = Sources/Core/VPNBackend.swift; sourceTree = "<group>";};
  F0000000000000000000001B = {isa = PBXBuildFile; fileRef = E0000000000000000000001B;};
  E0000000000000000000001C = {isa = PBXFileReference; lastKnownFileType = sourcecode.swift; path = Sources/Core/WorkspaceModel.swift; sourceTree = "<group>";};
  F0000000000000000000001C = {isa = PBXBuildFile; fileRef = E0000000000000000000001C;};
  E0000000000000000000001D = {isa = PBXFileReference; lastKnownFileType = sourcecode.swift; path = VisualTests/EnergyTests.swift; sourceTree = "<group>";};
  F0000000000000000000001D = {isa = PBXBuildFile; fileRef = E0000000000000000000001D;};
  E0000000000000000000001E = {isa = PBXFileReference; lastKnownFileType = sourcecode.swift; path = VisualTests/PerformanceTests.swift; sourceTree = "<group>";};
  F0000000000000000000001E = {isa = PBXBuildFile; fileRef = E0000000000000000000001E;};
  E0000000000000000000001F = {isa = PBXFileReference; lastKnownFileType = sourcecode.swift; path = VisualTests/SceneTests.swift; sourceTree = "<group>";};
  F0000000000000000000001F = {isa = PBXBuildFile; fileRef = E0000000000000000000001F;};
  E00000000000000000000020 = {isa = PBXFileReference; lastKnownFileType = sourcecode.swift; path = VisualTests/ThemeTests.swift; sourceTree = "<group>";};
  F00000000000000000000020 = {isa = PBXBuildFile; fileRef = E00000000000000000000020;};
  700000000000000000000000 = {isa = PBXFileReference; lastKnownFileType = sourcecode.swift; path = "Sources/App/NativeApplication.swift"; sourceTree = "<group>";};
  800000000000000000000000 = {isa = PBXBuildFile; fileRef = 700000000000000000000000;};
  700000000000000000000001 = {isa = PBXFileReference; lastKnownFileType = sourcecode.swift; path = "Sources/Bridge/NativeBridge.swift"; sourceTree = "<group>";};
  800000000000000000000001 = {isa = PBXBuildFile; fileRef = 700000000000000000000001;};
  700000000000000000000002 = {isa = PBXFileReference; lastKnownFileType = sourcecode.swift; path = "Sources/Core/AnimationTiming.swift"; sourceTree = "<group>";};
  800000000000000000000002 = {isa = PBXBuildFile; fileRef = 700000000000000000000002;};
  700000000000000000000003 = {isa = PBXFileReference; lastKnownFileType = sourcecode.swift; path = "Sources/Core/BackendWorker.swift"; sourceTree = "<group>";};
  800000000000000000000003 = {isa = PBXBuildFile; fileRef = 700000000000000000000003;};
  700000000000000000000004 = {isa = PBXFileReference; lastKnownFileType = sourcecode.swift; path = "Sources/Core/BridgeProtocol.swift"; sourceTree = "<group>";};
  800000000000000000000004 = {isa = PBXBuildFile; fileRef = 700000000000000000000004;};
  700000000000000000000005 = {isa = PBXFileReference; lastKnownFileType = sourcecode.swift; path = "Sources/Core/HelperUpdater.swift"; sourceTree = "<group>";};
  800000000000000000000005 = {isa = PBXBuildFile; fileRef = 700000000000000000000005;};
  700000000000000000000006 = {isa = PBXFileReference; lastKnownFileType = sourcecode.swift; path = "Sources/Core/MenuPresentation.swift"; sourceTree = "<group>";};
  800000000000000000000006 = {isa = PBXBuildFile; fileRef = 700000000000000000000006;};
  700000000000000000000007 = {isa = PBXFileReference; lastKnownFileType = sourcecode.swift; path = "Sources/Core/Models.swift"; sourceTree = "<group>";};
  800000000000000000000007 = {isa = PBXBuildFile; fileRef = 700000000000000000000007;};
  700000000000000000000008 = {isa = PBXFileReference; lastKnownFileType = sourcecode.swift; path = "Sources/Core/Policy.swift"; sourceTree = "<group>";};
  800000000000000000000008 = {isa = PBXBuildFile; fileRef = 700000000000000000000008;};
  700000000000000000000009 = {isa = PBXFileReference; lastKnownFileType = sourcecode.swift; path = "Sources/Core/ProfileEditor.swift"; sourceTree = "<group>";};
  800000000000000000000009 = {isa = PBXBuildFile; fileRef = 700000000000000000000009;};
  70000000000000000000000A = {isa = PBXFileReference; lastKnownFileType = sourcecode.swift; path = "Sources/Core/ProfileParser.swift"; sourceTree = "<group>";};
  80000000000000000000000A = {isa = PBXBuildFile; fileRef = 70000000000000000000000A;};
  70000000000000000000000B = {isa = PBXFileReference; lastKnownFileType = sourcecode.swift; path = "Sources/Core/ProfileStore.swift"; sourceTree = "<group>";};
  80000000000000000000000B = {isa = PBXBuildFile; fileRef = 70000000000000000000000B;};
  70000000000000000000000C = {isa = PBXFileReference; lastKnownFileType = sourcecode.swift; path = "Sources/Core/ThemePreference.swift"; sourceTree = "<group>";};
  80000000000000000000000C = {isa = PBXBuildFile; fileRef = 70000000000000000000000C;};
  70000000000000000000000D = {isa = PBXFileReference; lastKnownFileType = sourcecode.swift; path = "Sources/Core/VPNBackend.swift"; sourceTree = "<group>";};
  80000000000000000000000D = {isa = PBXBuildFile; fileRef = 70000000000000000000000D;};
  70000000000000000000000E = {isa = PBXFileReference; lastKnownFileType = sourcecode.swift; path = "Sources/Core/WorkspaceModel.swift"; sourceTree = "<group>";};
  80000000000000000000000E = {isa = PBXBuildFile; fileRef = 70000000000000000000000E;};
  70000000000000000000000F = {isa = PBXFileReference; lastKnownFileType = sourcecode.swift; path = "Sources/UI/AppearanceSection.swift"; sourceTree = "<group>";};
  80000000000000000000000F = {isa = PBXBuildFile; fileRef = 70000000000000000000000F;};
  700000000000000000000010 = {isa = PBXFileReference; lastKnownFileType = sourcecode.swift; path = "Sources/UI/ConnectionLayers.swift"; sourceTree = "<group>";};
  800000000000000000000010 = {isa = PBXBuildFile; fileRef = 700000000000000000000010;};
  700000000000000000000011 = {isa = PBXFileReference; lastKnownFileType = sourcecode.swift; path = "Sources/UI/ConnectionPanel.swift"; sourceTree = "<group>";};
  800000000000000000000011 = {isa = PBXBuildFile; fileRef = 700000000000000000000011;};
  700000000000000000000012 = {isa = PBXFileReference; lastKnownFileType = sourcecode.swift; path = "Sources/UI/CredentialsScene.swift"; sourceTree = "<group>";};
  800000000000000000000012 = {isa = PBXBuildFile; fileRef = 700000000000000000000012;};
  700000000000000000000013 = {isa = PBXFileReference; lastKnownFileType = sourcecode.swift; path = "Sources/UI/DrawingCache.swift"; sourceTree = "<group>";};
  800000000000000000000013 = {isa = PBXBuildFile; fileRef = 700000000000000000000013;};
  700000000000000000000014 = {isa = PBXFileReference; lastKnownFileType = sourcecode.swift; path = "Sources/UI/Icons.swift"; sourceTree = "<group>";};
  800000000000000000000014 = {isa = PBXBuildFile; fileRef = 700000000000000000000014;};
  700000000000000000000015 = {isa = PBXFileReference; lastKnownFileType = sourcecode.swift; path = "Sources/UI/MenuBarController.swift"; sourceTree = "<group>";};
  800000000000000000000015 = {isa = PBXBuildFile; fileRef = 700000000000000000000015;};
  700000000000000000000016 = {isa = PBXFileReference; lastKnownFileType = sourcecode.swift; path = "Sources/UI/NativeTextInput.swift"; sourceTree = "<group>";};
  800000000000000000000016 = {isa = PBXBuildFile; fileRef = 700000000000000000000016;};
  700000000000000000000017 = {isa = PBXFileReference; lastKnownFileType = sourcecode.swift; path = "Sources/UI/ProfileDialog.swift"; sourceTree = "<group>";};
  800000000000000000000017 = {isa = PBXBuildFile; fileRef = 700000000000000000000017;};
  700000000000000000000018 = {isa = PBXFileReference; lastKnownFileType = sourcecode.swift; path = "Sources/UI/RenderingPolicy.swift"; sourceTree = "<group>";};
  800000000000000000000018 = {isa = PBXBuildFile; fileRef = 700000000000000000000018;};
  700000000000000000000019 = {isa = PBXFileReference; lastKnownFileType = sourcecode.swift; path = "Sources/UI/ThemePalette.swift"; sourceTree = "<group>";};
  800000000000000000000019 = {isa = PBXBuildFile; fileRef = 700000000000000000000019;};
  70000000000000000000001A = {isa = PBXFileReference; lastKnownFileType = sourcecode.swift; path = "Sources/UI/ToastView.swift"; sourceTree = "<group>";};
  80000000000000000000001A = {isa = PBXBuildFile; fileRef = 70000000000000000000001A;};
  70000000000000000000001B = {isa = PBXFileReference; lastKnownFileType = sourcecode.swift; path = "Sources/UI/VectorPath.swift"; sourceTree = "<group>";};
  80000000000000000000001B = {isa = PBXBuildFile; fileRef = 70000000000000000000001B;};
  70000000000000000000001C = {isa = PBXFileReference; lastKnownFileType = sourcecode.swift; path = "Sources/UI/VisualPrimitives.swift"; sourceTree = "<group>";};
  80000000000000000000001C = {isa = PBXBuildFile; fileRef = 70000000000000000000001C;};
  70000000000000000000001D = {isa = PBXFileReference; lastKnownFileType = sourcecode.swift; path = "Sources/UI/WorkspaceChrome.swift"; sourceTree = "<group>";};
  80000000000000000000001D = {isa = PBXBuildFile; fileRef = 70000000000000000000001D;};
  70000000000000000000001E = {isa = PBXFileReference; lastKnownFileType = sourcecode.swift; path = "Sources/UI/WorkspaceScene.swift"; sourceTree = "<group>";};
  80000000000000000000001E = {isa = PBXBuildFile; fileRef = 70000000000000000000001E;};
  70000000000000000000001F = {isa = PBXFileReference; lastKnownFileType = sourcecode.swift; path = "Sources/UI/WorkspaceView.swift"; sourceTree = "<group>";};
  80000000000000000000001F = {isa = PBXBuildFile; fileRef = 70000000000000000000001F;};
  700000000000000000000020 = {isa = PBXFileReference; lastKnownFileType = sourcecode.cpp.objcpp; path = "../native/src/AppBridge.mm"; sourceTree = "<group>";};
  800000000000000000000020 = {isa = PBXBuildFile; fileRef = 700000000000000000000020;};
  900000000000000000000001 = {isa = PBXNativeTarget; buildConfigurationList = 900000000000000000000002; buildPhases = (900000000000000000000003, 900000000000000000000004, 900000000000000000000008); buildRules = (); dependencies = (); name = VueVPN; productName = VueVPN; productReference = 900000000000000000000005; productType = "com.apple.product-type.application";};
  900000000000000000000002 = {isa = XCConfigurationList; buildConfigurations = (900000000000000000000006, 900000000000000000000007); defaultConfigurationIsVisible = 0; defaultConfigurationName = Release;};
  900000000000000000000003 = {isa = PBXSourcesBuildPhase; buildActionMask = 2147483647; files = (800000000000000000000000, 800000000000000000000001, 800000000000000000000002, 800000000000000000000003, 800000000000000000000004, 800000000000000000000005, 800000000000000000000006, 800000000000000000000007, 800000000000000000000008, 800000000000000000000009, 80000000000000000000000A, 80000000000000000000000B, 80000000000000000000000C, 80000000000000000000000D, 80000000000000000000000E, 80000000000000000000000F, 800000000000000000000010, 800000000000000000000011, 800000000000000000000012, 800000000000000000000013, 800000000000000000000014, 800000000000000000000015, 800000000000000000000016, 800000000000000000000017, 800000000000000000000018, 800000000000000000000019, 80000000000000000000001A, 80000000000000000000001B, 80000000000000000000001C, 80000000000000000000001D, 80000000000000000000001E, 80000000000000000000001F, 800000000000000000000020); runOnlyForDeploymentPostprocessing = 0;};
  900000000000000000000004 = {isa = PBXFrameworksBuildPhase; buildActionMask = 2147483647; files = (); runOnlyForDeploymentPostprocessing = 0;};
  900000000000000000000005 = {isa = PBXFileReference; explicitFileType = wrapper.application; includeInIndex = 0; path = VueVPN.app; sourceTree = BUILT_PRODUCTS_DIR;};
  900000000000000000000008 = {isa = PBXResourcesBuildPhase; buildActionMask = 2147483647; files = (90000000000000000000000A, 90000000000000000000000C); runOnlyForDeploymentPostprocessing = 0;};
  900000000000000000000009 = {isa = PBXFileReference; lastKnownFileType = image.icns; path = Resources/VueVPN.icns; sourceTree = "<group>";};
  90000000000000000000000A = {isa = PBXBuildFile; fileRef = 900000000000000000000009;};
  90000000000000000000000B = {isa = PBXFileReference; lastKnownFileType = folder; path = Resources/ThirdPartyLicenses; sourceTree = "<group>";};
  90000000000000000000000C = {isa = PBXBuildFile; fileRef = 90000000000000000000000B;};
  900000000000000000000006 = {isa = XCBuildConfiguration; buildSettings = {PRODUCT_BUNDLE_IDENTIFIER = com.vuevpn.desktop; PRODUCT_NAME = VueVPN; INFOPLIST_FILE = Info.plist; GENERATE_INFOPLIST_FILE = NO; CODE_SIGNING_ALLOWED = NO; SWIFT_OBJC_BRIDGING_HEADER = Sources/Bridge/AppBridge.h; HEADER_SEARCH_PATHS = "$(SRCROOT)/../native/include"; CLANG_ENABLE_OBJC_ARC = YES; CLANG_CXX_LANGUAGE_STANDARD = "c++17"; OTHER_LDFLAGS = ("$(inherited)", "-framework", AppKit, "-framework", Security, "-framework", ServiceManagement, "-framework", LocalAuthentication); LD_RUNPATH_SEARCH_PATHS = "$(inherited) @executable_path/../Frameworks"; SWIFT_OPTIMIZATION_LEVEL = "-Onone";}; name = Debug;};
  900000000000000000000007 = {isa = XCBuildConfiguration; buildSettings = {PRODUCT_BUNDLE_IDENTIFIER = com.vuevpn.desktop; PRODUCT_NAME = VueVPN; INFOPLIST_FILE = Info.plist; GENERATE_INFOPLIST_FILE = NO; CODE_SIGNING_ALLOWED = NO; SWIFT_OBJC_BRIDGING_HEADER = Sources/Bridge/AppBridge.h; HEADER_SEARCH_PATHS = "$(SRCROOT)/../native/include"; CLANG_ENABLE_OBJC_ARC = YES; CLANG_CXX_LANGUAGE_STANDARD = "c++17"; OTHER_LDFLAGS = ("$(inherited)", "-framework", AppKit, "-framework", Security, "-framework", ServiceManagement, "-framework", LocalAuthentication); LD_RUNPATH_SEARCH_PATHS = "$(inherited) @executable_path/../Frameworks"; SWIFT_OPTIMIZATION_LEVEL = "-O";}; name = Release;};
  B00000000000000000000000 = {isa = PBXFileReference; lastKnownFileType = sourcecode.swift; path = Sources/Core/AnimationTiming.swift; sourceTree = "<group>";};
  C00000000000000000000000 = {isa = PBXBuildFile; fileRef = B00000000000000000000000;};
  B00000000000000000000001 = {isa = PBXFileReference; lastKnownFileType = sourcecode.swift; path = Sources/Core/BackendWorker.swift; sourceTree = "<group>";};
  C00000000000000000000001 = {isa = PBXBuildFile; fileRef = B00000000000000000000001;};
  B00000000000000000000002 = {isa = PBXFileReference; lastKnownFileType = sourcecode.swift; path = Sources/Core/BridgeProtocol.swift; sourceTree = "<group>";};
  C00000000000000000000002 = {isa = PBXBuildFile; fileRef = B00000000000000000000002;};
  B00000000000000000000003 = {isa = PBXFileReference; lastKnownFileType = sourcecode.swift; path = Sources/Core/HelperUpdater.swift; sourceTree = "<group>";};
  C00000000000000000000003 = {isa = PBXBuildFile; fileRef = B00000000000000000000003;};
  B00000000000000000000004 = {isa = PBXFileReference; lastKnownFileType = sourcecode.swift; path = Sources/Core/MenuPresentation.swift; sourceTree = "<group>";};
  C00000000000000000000004 = {isa = PBXBuildFile; fileRef = B00000000000000000000004;};
  B00000000000000000000005 = {isa = PBXFileReference; lastKnownFileType = sourcecode.swift; path = Sources/Core/Models.swift; sourceTree = "<group>";};
  C00000000000000000000005 = {isa = PBXBuildFile; fileRef = B00000000000000000000005;};
  B00000000000000000000006 = {isa = PBXFileReference; lastKnownFileType = sourcecode.swift; path = Sources/Core/Policy.swift; sourceTree = "<group>";};
  C00000000000000000000006 = {isa = PBXBuildFile; fileRef = B00000000000000000000006;};
  B00000000000000000000007 = {isa = PBXFileReference; lastKnownFileType = sourcecode.swift; path = Sources/Core/ProfileEditor.swift; sourceTree = "<group>";};
  C00000000000000000000007 = {isa = PBXBuildFile; fileRef = B00000000000000000000007;};
  B00000000000000000000008 = {isa = PBXFileReference; lastKnownFileType = sourcecode.swift; path = Sources/Core/ProfileParser.swift; sourceTree = "<group>";};
  C00000000000000000000008 = {isa = PBXBuildFile; fileRef = B00000000000000000000008;};
  B00000000000000000000009 = {isa = PBXFileReference; lastKnownFileType = sourcecode.swift; path = Sources/Core/ProfileStore.swift; sourceTree = "<group>";};
  C00000000000000000000009 = {isa = PBXBuildFile; fileRef = B00000000000000000000009;};
  B0000000000000000000000A = {isa = PBXFileReference; lastKnownFileType = sourcecode.swift; path = Sources/Core/ThemePreference.swift; sourceTree = "<group>";};
  C0000000000000000000000A = {isa = PBXBuildFile; fileRef = B0000000000000000000000A;};
  B0000000000000000000000B = {isa = PBXFileReference; lastKnownFileType = sourcecode.swift; path = Sources/Core/VPNBackend.swift; sourceTree = "<group>";};
  C0000000000000000000000B = {isa = PBXBuildFile; fileRef = B0000000000000000000000B;};
  B0000000000000000000000C = {isa = PBXFileReference; lastKnownFileType = sourcecode.swift; path = Sources/Core/WorkspaceModel.swift; sourceTree = "<group>";};
  C0000000000000000000000C = {isa = PBXBuildFile; fileRef = B0000000000000000000000C;};
  B0000000000000000000000D = {isa = PBXFileReference; lastKnownFileType = sourcecode.swift; path = CoreTests/AnimationTests.swift; sourceTree = "<group>";};
  C0000000000000000000000D = {isa = PBXBuildFile; fileRef = B0000000000000000000000D;};
  B0000000000000000000000E = {isa = PBXFileReference; lastKnownFileType = sourcecode.swift; path = CoreTests/BackendTests.swift; sourceTree = "<group>";};
  C0000000000000000000000E = {isa = PBXBuildFile; fileRef = B0000000000000000000000E;};
  B0000000000000000000000F = {isa = PBXFileReference; lastKnownFileType = sourcecode.swift; path = CoreTests/EditorTests.swift; sourceTree = "<group>";};
  C0000000000000000000000F = {isa = PBXBuildFile; fileRef = B0000000000000000000000F;};
  B00000000000000000000010 = {isa = PBXFileReference; lastKnownFileType = sourcecode.swift; path = CoreTests/FakeBridge.swift; sourceTree = "<group>";};
  C00000000000000000000010 = {isa = PBXBuildFile; fileRef = B00000000000000000000010;};
  B00000000000000000000011 = {isa = PBXFileReference; lastKnownFileType = sourcecode.swift; path = CoreTests/HelperUpdaterTests.swift; sourceTree = "<group>";};
  C00000000000000000000011 = {isa = PBXBuildFile; fileRef = B00000000000000000000011;};
  B00000000000000000000012 = {isa = PBXFileReference; lastKnownFileType = sourcecode.swift; path = CoreTests/MenuTests.swift; sourceTree = "<group>";};
  C00000000000000000000012 = {isa = PBXBuildFile; fileRef = B00000000000000000000012;};
  B00000000000000000000013 = {isa = PBXFileReference; lastKnownFileType = sourcecode.swift; path = CoreTests/ProfileTests.swift; sourceTree = "<group>";};
  C00000000000000000000013 = {isa = PBXBuildFile; fileRef = B00000000000000000000013;};
  B00000000000000000000014 = {isa = PBXFileReference; lastKnownFileType = sourcecode.swift; path = CoreTests/ThemePreferenceTests.swift; sourceTree = "<group>";};
  C00000000000000000000014 = {isa = PBXBuildFile; fileRef = B00000000000000000000014;};
  B00000000000000000000015 = {isa = PBXFileReference; lastKnownFileType = sourcecode.swift; path = CoreTests/WorkspaceTests.swift; sourceTree = "<group>";};
  C00000000000000000000015 = {isa = PBXBuildFile; fileRef = B00000000000000000000015;};
  D00000000000000000000001 = {isa = PBXNativeTarget; buildConfigurationList = D00000000000000000000002; buildPhases = (D00000000000000000000003, D00000000000000000000004); buildRules = (); dependencies = (); name = VueVPNCoreTests; productName = VueVPNCoreTests; productReference = D00000000000000000000005; productType = "com.apple.product-type.bundle.unit-test";};
  D00000000000000000000002 = {isa = XCConfigurationList; buildConfigurations = (D00000000000000000000006, D00000000000000000000007); defaultConfigurationIsVisible = 0; defaultConfigurationName = Release;};
  D00000000000000000000003 = {isa = PBXSourcesBuildPhase; buildActionMask = 2147483647; files = (C00000000000000000000000, C00000000000000000000001, C00000000000000000000002, C00000000000000000000003, C00000000000000000000004, C00000000000000000000005, C00000000000000000000006, C00000000000000000000007, C00000000000000000000008, C00000000000000000000009, C0000000000000000000000A, C0000000000000000000000B, C0000000000000000000000C, C0000000000000000000000D, C0000000000000000000000E, C0000000000000000000000F, C00000000000000000000010, C00000000000000000000011, C00000000000000000000012, C00000000000000000000013, C00000000000000000000014, C00000000000000000000015); runOnlyForDeploymentPostprocessing = 0;};
  D00000000000000000000004 = {isa = PBXFrameworksBuildPhase; buildActionMask = 2147483647; files = (); runOnlyForDeploymentPostprocessing = 0;};
  D00000000000000000000005 = {isa = PBXFileReference; explicitFileType = wrapper.cfbundle; includeInIndex = 0; path = VueVPNCoreTests.xctest; sourceTree = BUILT_PRODUCTS_DIR;};
  D00000000000000000000006 = {isa = XCBuildConfiguration; buildSettings = {PRODUCT_BUNDLE_IDENTIFIER = com.vuevpn.core-tests; PRODUCT_NAME = "$(TARGET_NAME)"; GENERATE_INFOPLIST_FILE = YES; CODE_SIGNING_ALLOWED = NO; TEST_HOST = ""; BUNDLE_LOADER = ""; SWIFT_OPTIMIZATION_LEVEL = "-Onone"; LD_RUNPATH_SEARCH_PATHS = "$(inherited) @loader_path/../Frameworks";}; name = Debug;};
  D00000000000000000000007 = {isa = XCBuildConfiguration; buildSettings = {PRODUCT_BUNDLE_IDENTIFIER = com.vuevpn.core-tests; PRODUCT_NAME = "$(TARGET_NAME)"; GENERATE_INFOPLIST_FILE = YES; CODE_SIGNING_ALLOWED = NO; TEST_HOST = ""; BUNDLE_LOADER = ""; SWIFT_OPTIMIZATION_LEVEL = "-Onone"; LD_RUNPATH_SEARCH_PATHS = "$(inherited) @loader_path/../Frameworks";}; name = Release;};
  A00000000000000000000030 = {isa = PBXFileReference; lastKnownFileType = sourcecode.swift; path = Sources/UI/VisualPrimitives.swift; sourceTree = "<group>";};
  A00000000000000000000031 = {isa = PBXBuildFile; fileRef = A00000000000000000000030;};
  A00000000000000000000001 = {isa = PBXProject; attributes = {LastUpgradeCheck = 2630;}; buildConfigurationList = A00000000000000000000003; compatibilityVersion = "Xcode 14.0"; developmentRegion = en; hasScannedForEncodings = 0; knownRegions = (en, Base); mainGroup = A00000000000000000000002; productRefGroup = A00000000000000000000007; projectDirPath = ""; projectRoot = ""; targets = (900000000000000000000001, A00000000000000000000010, D00000000000000000000001);};
  A00000000000000000000002 = {isa = PBXGroup; children = (B00000000000000000000000, B00000000000000000000001, B00000000000000000000002, B00000000000000000000003, B00000000000000000000004, B00000000000000000000005, B00000000000000000000006, B00000000000000000000007, B00000000000000000000008, B00000000000000000000009, B0000000000000000000000A, B0000000000000000000000B, B0000000000000000000000C, B0000000000000000000000D, B0000000000000000000000E, B0000000000000000000000F, B00000000000000000000010, B00000000000000000000011, B00000000000000000000012, B00000000000000000000013, B00000000000000000000014, B00000000000000000000015, A00000000000000000000005, A00000000000000000000030, E00000000000000000000000, E00000000000000000000001, E00000000000000000000002, E00000000000000000000003, E00000000000000000000004, E00000000000000000000005, E00000000000000000000006, E00000000000000000000007, E00000000000000000000008, E00000000000000000000009, E0000000000000000000000A, E0000000000000000000000B, E0000000000000000000000C, E0000000000000000000000D, E0000000000000000000000E, E0000000000000000000000F, E00000000000000000000010, E00000000000000000000011, E00000000000000000000012, E00000000000000000000013, E00000000000000000000014, E00000000000000000000015, E00000000000000000000016, E00000000000000000000017, E00000000000000000000018, E00000000000000000000019, E0000000000000000000001A, E0000000000000000000001B, E0000000000000000000001C, E0000000000000000000001D, E0000000000000000000001E, E0000000000000000000001F, E00000000000000000000020, 700000000000000000000000, 700000000000000000000001, 700000000000000000000002, 700000000000000000000003, 700000000000000000000004, 700000000000000000000005, 700000000000000000000006, 700000000000000000000007, 700000000000000000000008, 700000000000000000000009, 70000000000000000000000A, 70000000000000000000000B, 70000000000000000000000C, 70000000000000000000000D, 70000000000000000000000E, 70000000000000000000000F, 700000000000000000000010, 700000000000000000000011, 700000000000000000000012, 700000000000000000000013, 700000000000000000000014, 700000000000000000000015, 700000000000000000000016, 700000000000000000000017, 700000000000000000000018, 700000000000000000000019, 70000000000000000000001A, 70000000000000000000001B, 70000000000000000000001C, 70000000000000000000001D, 70000000000000000000001E, 70000000000000000000001F, 700000000000000000000020, 900000000000000000000009, 90000000000000000000000B, A00000000000000000000007); sourceTree = "<group>";};
  A00000000000000000000005 = {isa = PBXFileReference; lastKnownFileType = sourcecode.swift; path = VisualTests/OffscreenTests.swift; sourceTree = "<group>";};
  A00000000000000000000006 = {isa = PBXFileReference; explicitFileType = wrapper.cfbundle; includeInIndex = 0; path = VueVPNVisualTests.xctest; sourceTree = BUILT_PRODUCTS_DIR;};
  A00000000000000000000007 = {isa = PBXGroup; children = (900000000000000000000005, A00000000000000000000006, D00000000000000000000005); name = Products; sourceTree = "<group>";};
  A00000000000000000000008 = {isa = PBXBuildFile; fileRef = A00000000000000000000005;};
  A00000000000000000000010 = {isa = PBXNativeTarget; buildConfigurationList = A00000000000000000000011; buildPhases = (A00000000000000000000012, A00000000000000000000013); buildRules = (); dependencies = (); name = VueVPNVisualTests; productName = VueVPNVisualTests; productReference = A00000000000000000000006; productType = "com.apple.product-type.bundle.unit-test";};
  A00000000000000000000012 = {isa = PBXSourcesBuildPhase; buildActionMask = 2147483647; files = (A00000000000000000000008, A00000000000000000000031, F00000000000000000000000, F00000000000000000000001, F00000000000000000000002, F00000000000000000000003, F00000000000000000000004, F00000000000000000000005, F00000000000000000000006, F00000000000000000000007, F00000000000000000000008, F00000000000000000000009, F0000000000000000000000A, F0000000000000000000000B, F0000000000000000000000C, F0000000000000000000000D, F0000000000000000000000E, F0000000000000000000000F, F00000000000000000000010, F00000000000000000000011, F00000000000000000000012, F00000000000000000000013, F00000000000000000000014, F00000000000000000000015, F00000000000000000000016, F00000000000000000000017, F00000000000000000000018, F00000000000000000000019, F0000000000000000000001A, F0000000000000000000001B, F0000000000000000000001C, F0000000000000000000001D, F0000000000000000000001E, F0000000000000000000001F, F00000000000000000000020); runOnlyForDeploymentPostprocessing = 0;};
  A00000000000000000000013 = {isa = PBXFrameworksBuildPhase; buildActionMask = 2147483647; files = (); runOnlyForDeploymentPostprocessing = 0;};
  A00000000000000000000003 = {isa = XCConfigurationList; buildConfigurations = (A00000000000000000000020, A00000000000000000000021); defaultConfigurationIsVisible = 0; defaultConfigurationName = Release;};
  A00000000000000000000011 = {isa = XCConfigurationList; buildConfigurations = (A00000000000000000000022, A00000000000000000000023); defaultConfigurationIsVisible = 0; defaultConfigurationName = Release;};
  A00000000000000000000020 = {isa = XCBuildConfiguration; buildSettings = {SDKROOT = macosx; MACOSX_DEPLOYMENT_TARGET = 26.0; SWIFT_VERSION = 6.0; CLANG_ENABLE_MODULES = YES; ARCHS = arm64;}; name = Debug;};
  A00000000000000000000021 = {isa = XCBuildConfiguration; buildSettings = {SDKROOT = macosx; MACOSX_DEPLOYMENT_TARGET = 26.0; SWIFT_VERSION = 6.0; CLANG_ENABLE_MODULES = YES; ARCHS = arm64;}; name = Release;};
  A00000000000000000000022 = {isa = XCBuildConfiguration; buildSettings = {PRODUCT_BUNDLE_IDENTIFIER = com.vuevpn.visual-tests; PRODUCT_NAME = "$(TARGET_NAME)"; GENERATE_INFOPLIST_FILE = YES; CODE_SIGNING_ALLOWED = NO; TEST_HOST = ""; BUNDLE_LOADER = ""; SWIFT_OPTIMIZATION_LEVEL = "-Onone"; LD_RUNPATH_SEARCH_PATHS = "$(inherited) @loader_path/../Frameworks";}; name = Debug;};
  A00000000000000000000023 = {isa = XCBuildConfiguration; buildSettings = {PRODUCT_BUNDLE_IDENTIFIER = com.vuevpn.visual-tests; PRODUCT_NAME = "$(TARGET_NAME)"; GENERATE_INFOPLIST_FILE = YES; CODE_SIGNING_ALLOWED = NO; TEST_HOST = ""; BUNDLE_LOADER = ""; LD_RUNPATH_SEARCH_PATHS = "$(inherited) @loader_path/../Frameworks";}; name = Release;};
 };
 rootObject = A00000000000000000000001;
}
